// !$*UTF8*$!
{
	archiveVersion = 1;
	classes = {
	};
	objectVersion = 56;
	objects = {

/* Begin PBXBuildFile section */
		DDA2EE652B44B354004C1CD2 /* ChefDeliveryApp.swift in Sources */ = {isa = PBXBuildFile; fileRef = DDA2EE642B44B354004C1CD2 /* ChefDeliveryApp.swift */; };
		DDA2EE672B44B354004C1CD2 /* ContentView.swift in Sources */ = {isa = PBXBuildFile; fileRef = DDA2EE662B44B354004C1CD2 /* ContentView.swift */; };
		DDA2EE692B44B357004C1CD2 /* Assets.xcassets in Resources */ = {isa = PBXBuildFile; fileRef = DDA2EE682B44B357004C1CD2 /* Assets.xcassets */; };
		DDA2EE6C2B44B357004C1CD2 /* Preview Assets.xcassets in Resources */ = {isa = PBXBuildFile; fileRef = DDA2EE6B2B44B357004C1CD2 /* Preview Assets.xcassets */; };
		DDA2EE752B47860E004C1CD2 /* NavigationBar.swift in Sources */ = {isa = PBXBuildFile; fileRef = DDA2EE742B47860E004C1CD2 /* NavigationBar.swift */; };
		DDA2EE782B478AFE004C1CD2 /* OrderTypeGridView.swift in Sources */ = {isa = PBXBuildFile; fileRef = DDA2EE772B478AFE004C1CD2 /* OrderTypeGridView.swift */; };
		DDA2EE7B2B478E78004C1CD2 /* OrderType.swift in Sources */ = {isa = PBXBuildFile; fileRef = DDA2EE7A2B478E78004C1CD2 /* OrderType.swift */; };
		DDA2EE7D2B4793EF004C1CD2 /* DataSourceMock.swift in Sources */ = {isa = PBXBuildFile; fileRef = DDA2EE7C2B4793EF004C1CD2 /* DataSourceMock.swift */; };
		DDA2EE7F2B479588004C1CD2 /* OrderTypeView.swift in Sources */ = {isa = PBXBuildFile; fileRef = DDA2EE7E2B479588004C1CD2 /* OrderTypeView.swift */; };
		DDA2EE822B47A202004C1CD2 /* CarouselItemView.swift in Sources */ = {isa = PBXBuildFile; fileRef = DDA2EE812B47A202004C1CD2 /* CarouselItemView.swift */; };
		DDA2EE842B47A34D004C1CD2 /* CarouselTabView.swift in Sources */ = {isa = PBXBuildFile; fileRef = DDA2EE832B47A34D004C1CD2 /* CarouselTabView.swift */; };
		DDA2EE872B47A622004C1CD2 /* StoreItemView.swift in Sources */ = {isa = PBXBuildFile; fileRef = DDA2EE862B47A622004C1CD2 /* StoreItemView.swift */; };
		DDA2EE892B47A7BE004C1CD2 /* StoresContainerView.swift in Sources */ = {isa = PBXBuildFile; fileRef = DDA2EE882B47A7BE004C1CD2 /* StoresContainerView.swift */; };
		DDA2EE8B2B48BC30004C1CD2 /* StoreDetailView.swift in Sources */ = {isa = PBXBuildFile; fileRef = DDA2EE8A2B48BC30004C1CD2 /* StoreDetailView.swift */; };
		DDA2EE8D2B48C0D5004C1CD2 /* StoreType.swift in Sources */ = {isa = PBXBuildFile; fileRef = DDA2EE8C2B48C0D5004C1CD2 /* StoreType.swift */; };
		DDA2EE8F2B48C157004C1CD2 /* ProductType.swift in Sources */ = {isa = PBXBuildFile; fileRef = DDA2EE8E2B48C157004C1CD2 /* ProductType.swift */; };
		DDA40D6A2B5AD6750010C9B2 /* Alamofire in Frameworks */ = {isa = PBXBuildFile; productRef = DDA40D692B5AD6750010C9B2 /* Alamofire */; };
		DDA40D6D2B5B01450010C9B2 /* HomeView.swift in Sources */ = {isa = PBXBuildFile; fileRef = DDA40D6C2B5B01450010C9B2 /* HomeView.swift */; };
		DDECD62E2B5616D300E53C06 /* HomeService.swift in Sources */ = {isa = PBXBuildFile; fileRef = DDECD62D2B5616D300E53C06 /* HomeService.swift */; };
		DDFBEA2F2B4CA35100BAB20F /* Double+.swift in Sources */ = {isa = PBXBuildFile; fileRef = DDFBEA2E2B4CA35100BAB20F /* Double+.swift */; };
		DDFBEA322B4CAAC000BAB20F /* ProductDetailView.swift in Sources */ = {isa = PBXBuildFile; fileRef = DDFBEA312B4CAAC000BAB20F /* ProductDetailView.swift */; };
		DDFBEA352B4CD7B900BAB20F /* StoreDetailHeaderView.swift in Sources */ = {isa = PBXBuildFile; fileRef = DDFBEA342B4CD7B900BAB20F /* StoreDetailHeaderView.swift */; };
		DDFBEA372B4CD86500BAB20F /* StoreDetailProductsView.swift in Sources */ = {isa = PBXBuildFile; fileRef = DDFBEA362B4CD86500BAB20F /* StoreDetailProductsView.swift */; };
		DDFBEA392B4CD9F200BAB20F /* StoreDetailProductItemView.swift in Sources */ = {isa = PBXBuildFile; fileRef = DDFBEA382B4CD9F200BAB20F /* StoreDetailProductItemView.swift */; };
		DDFBEA3C2B4CDAF700BAB20F /* ProductDetailHeaderView.swift in Sources */ = {isa = PBXBuildFile; fileRef = DDFBEA3B2B4CDAF700BAB20F /* ProductDetailHeaderView.swift */; };
		DDFBEA3E2B4CDC4100BAB20F /* ProductDetailQuantityView.swift in Sources */ = {isa = PBXBuildFile; fileRef = DDFBEA3D2B4CDC4100BAB20F /* ProductDetailQuantityView.swift */; };
		DDFBEA402B4CDC9900BAB20F /* ProductDetailButtonView.swift in Sources */ = {isa = PBXBuildFile; fileRef = DDFBEA3F2B4CDC9900BAB20F /* ProductDetailButtonView.swift */; };
/* End PBXBuildFile section */

/* Begin PBXFileReference section */
		DDA2EE612B44B354004C1CD2 /* ChefDelivery.app */ = {isa = PBXFileReference; explicitFileType = wrapper.application; includeInIndex = 0; path = ChefDelivery.app; sourceTree = BUILT_PRODUCTS_DIR; };
		DDA2EE642B44B354004C1CD2 /* ChefDeliveryApp.swift */ = {isa = PBXFileReference; lastKnownFileType = sourcecode.swift; path = ChefDeliveryApp.swift; sourceTree = "<group>"; };
		DDA2EE662B44B354004C1CD2 /* ContentView.swift */ = {isa = PBXFileReference; lastKnownFileType = sourcecode.swift; path = ContentView.swift; sourceTree = "<group>"; };
		DDA2EE682B44B357004C1CD2 /* Assets.xcassets */ = {isa = PBXFileReference; lastKnownFileType = folder.assetcatalog; path = Assets.xcassets; sourceTree = "<group>"; };
		DDA2EE6B2B44B357004C1CD2 /* Preview Assets.xcassets */ = {isa = PBXFileReference; lastKnownFileType = folder.assetcatalog; path = "Preview Assets.xcassets"; sourceTree = "<group>"; };
		DDA2EE742B47860E004C1CD2 /* NavigationBar.swift */ = {isa = PBXFileReference; lastKnownFileType = sourcecode.swift; path = NavigationBar.swift; sourceTree = "<group>"; };
		DDA2EE772B478AFE004C1CD2 /* OrderTypeGridView.swift */ = {isa = PBXFileReference; lastKnownFileType = sourcecode.swift; path = OrderTypeGridView.swift; sourceTree = "<group>"; };
		DDA2EE7A2B478E78004C1CD2 /* OrderType.swift */ = {isa = PBXFileReference; lastKnownFileType = sourcecode.swift; path = OrderType.swift; sourceTree = "<group>"; };
		DDA2EE7C2B4793EF004C1CD2 /* DataSourceMock.swift */ = {isa = PBXFileReference; lastKnownFileType = sourcecode.swift; path = DataSourceMock.swift; sourceTree = "<group>"; };
		DDA2EE7E2B479588004C1CD2 /* OrderTypeView.swift */ = {isa = PBXFileReference; lastKnownFileType = sourcecode.swift; path = OrderTypeView.swift; sourceTree = "<group>"; };
		DDA2EE812B47A202004C1CD2 /* CarouselItemView.swift */ = {isa = PBXFileReference; lastKnownFileType = sourcecode.swift; path = CarouselItemView.swift; sourceTree = "<group>"; };
		DDA2EE832B47A34D004C1CD2 /* CarouselTabView.swift */ = {isa = PBXFileReference; lastKnownFileType = sourcecode.swift; path = CarouselTabView.swift; sourceTree = "<group>"; };
		DDA2EE862B47A622004C1CD2 /* StoreItemView.swift */ = {isa = PBXFileReference; lastKnownFileType = sourcecode.swift; path = StoreItemView.swift; sourceTree = "<group>"; };
		DDA2EE882B47A7BE004C1CD2 /* StoresContainerView.swift */ = {isa = PBXFileReference; lastKnownFileType = sourcecode.swift; path = StoresContainerView.swift; sourceTree = "<group>"; };
		DDA2EE8A2B48BC30004C1CD2 /* StoreDetailView.swift */ = {isa = PBXFileReference; lastKnownFileType = sourcecode.swift; path = StoreDetailView.swift; sourceTree = "<group>"; };
		DDA2EE8C2B48C0D5004C1CD2 /* StoreType.swift */ = {isa = PBXFileReference; lastKnownFileType = sourcecode.swift; path = StoreType.swift; sourceTree = "<group>"; };
		DDA2EE8E2B48C157004C1CD2 /* ProductType.swift */ = {isa = PBXFileReference; lastKnownFileType = sourcecode.swift; path = ProductType.swift; sourceTree = "<group>"; };
		DDA40D6C2B5B01450010C9B2 /* HomeView.swift */ = {isa = PBXFileReference; lastKnownFileType = sourcecode.swift; path = HomeView.swift; sourceTree = "<group>"; };
		DDECD62D2B5616D300E53C06 /* HomeService.swift */ = {isa = PBXFileReference; lastKnownFileType = sourcecode.swift; path = HomeService.swift; sourceTree = "<group>"; };
		DDFBEA2E2B4CA35100BAB20F /* Double+.swift */ = {isa = PBXFileReference; lastKnownFileType = sourcecode.swift; path = "Double+.swift"; sourceTree = "<group>"; };
		DDFBEA312B4CAAC000BAB20F /* ProductDetailView.swift */ = {isa = PBXFileReference; lastKnownFileType = sourcecode.swift; path = ProductDetailView.swift; sourceTree = "<group>"; };
		DDFBEA342B4CD7B900BAB20F /* StoreDetailHeaderView.swift */ = {isa = PBXFileReference; lastKnownFileType = sourcecode.swift; path = StoreDetailHeaderView.swift; sourceTree = "<group>"; };
		DDFBEA362B4CD86500BAB20F /* StoreDetailProductsView.swift */ = {isa = PBXFileReference; lastKnownFileType = sourcecode.swift; path = StoreDetailProductsView.swift; sourceTree = "<group>"; };
		DDFBEA382B4CD9F200BAB20F /* StoreDetailProductItemView.swift */ = {isa = PBXFileReference; lastKnownFileType = sourcecode.swift; path = StoreDetailProductItemView.swift; sourceTree = "<group>"; };
		DDFBEA3B2B4CDAF700BAB20F /* ProductDetailHeaderView.swift */ = {isa = PBXFileReference; lastKnownFileType = sourcecode.swift; path = ProductDetailHeaderView.swift; sourceTree = "<group>"; };
		DDFBEA3D2B4CDC4100BAB20F /* ProductDetailQuantityView.swift */ = {isa = PBXFileReference; lastKnownFileType = sourcecode.swift; path = ProductDetailQuantityView.swift; sourceTree = "<group>"; };
		DDFBEA3F2B4CDC9900BAB20F /* ProductDetailButtonView.swift */ = {isa = PBXFileReference; lastKnownFileType = sourcecode.swift; path = ProductDetailButtonView.swift; sourceTree = "<group>"; };
/* End PBXFileReference section */

/* Begin PBXFrameworksBuildPhase section */
		DDA2EE5E2B44B354004C1CD2 /* Frameworks */ = {
			isa = PBXFrameworksBuildPhase;
			buildActionMask = 2147483647;
			files = (
				DDA40D6A2B5AD6750010C9B2 /* Alamofire in Frameworks */,
			);
			runOnlyForDeploymentPostprocessing = 0;
		};
/* End PBXFrameworksBuildPhase section */

/* Begin PBXGroup section */
		DDA2EE582B44B354004C1CD2 = {
			isa = PBXGroup;
			children = (
				DDA2EE632B44B354004C1CD2 /* ChefDelivery */,
				DDA2EE622B44B354004C1CD2 /* Products */,
			);
			sourceTree = "<group>";
		};
		DDA2EE622B44B354004C1CD2 /* Products */ = {
			isa = PBXGroup;
			children = (
				DDA2EE612B44B354004C1CD2 /* ChefDelivery.app */,
			);
			name = Products;
			sourceTree = "<group>";
		};
		DDA2EE632B44B354004C1CD2 /* ChefDelivery */ = {
			isa = PBXGroup;
			children = (
				DDA40D6B2B5B01310010C9B2 /* HomeView */,
				DDFBEA302B4CAAA800BAB20F /* ProductView */,
				DDFBEA2D2B4CA33A00BAB20F /* Extension */,
				DDA2EE732B4785D4004C1CD2 /* App */,
				DDA2EE792B478E4D004C1CD2 /* Model */,
				DDA2EE802B47A1B7004C1CD2 /* CarouselView */,
				DDA2EE852B47A5F1004C1CD2 /* StoresView */,
				DDA2EE762B478AC4004C1CD2 /* GridView */,
				DDECD62C2B5616AA00E53C06 /* Networking */,
				DDA2EE722B4785C6004C1CD2 /* NavigationBar */,
				DDA2EE682B44B357004C1CD2 /* Assets.xcassets */,
				DDA2EE6A2B44B357004C1CD2 /* Preview Content */,
			);
			path = ChefDelivery;
			sourceTree = "<group>";
		};
		DDA2EE6A2B44B357004C1CD2 /* Preview Content */ = {
			isa = PBXGroup;
			children = (
				DDA2EE6B2B44B357004C1CD2 /* Preview Assets.xcassets */,
			);
			path = "Preview Content";
			sourceTree = "<group>";
		};
		DDA2EE722B4785C6004C1CD2 /* NavigationBar */ = {
			isa = PBXGroup;
			children = (
				DDA2EE742B47860E004C1CD2 /* NavigationBar.swift */,
			);
			path = NavigationBar;
			sourceTree = "<group>";
		};
		DDA2EE732B4785D4004C1CD2 /* App */ = {
			isa = PBXGroup;
			children = (
				DDA2EE642B44B354004C1CD2 /* ChefDeliveryApp.swift */,
				DDA2EE662B44B354004C1CD2 /* ContentView.swift */,
				DDFBEA2E2B4CA35100BAB20F /* Double+.swift */,
			);
			path = App;
			sourceTree = "<group>";
		};
		DDA2EE762B478AC4004C1CD2 /* GridView */ = {
			isa = PBXGroup;
			children = (
				DDA2EE772B478AFE004C1CD2 /* OrderTypeGridView.swift */,
				DDA2EE7E2B479588004C1CD2 /* OrderTypeView.swift */,
			);
			path = GridView;
			sourceTree = "<group>";
		};
		DDA2EE792B478E4D004C1CD2 /* Model */ = {
			isa = PBXGroup;
			children = (
				DDA2EE7A2B478E78004C1CD2 /* OrderType.swift */,
				DDA2EE7C2B4793EF004C1CD2 /* DataSourceMock.swift */,
				DDA2EE8C2B48C0D5004C1CD2 /* StoreType.swift */,
				DDA2EE8E2B48C157004C1CD2 /* ProductType.swift */,
			);
			path = Model;
			sourceTree = "<group>";
		};
		DDA2EE802B47A1B7004C1CD2 /* CarouselView */ = {
			isa = PBXGroup;
			children = (
				DDA2EE812B47A202004C1CD2 /* CarouselItemView.swift */,
				DDA2EE832B47A34D004C1CD2 /* CarouselTabView.swift */,
			);
			path = CarouselView;
			sourceTree = "<group>";
		};
		DDA2EE852B47A5F1004C1CD2 /* StoresView */ = {
			isa = PBXGroup;
			children = (
				DDFBEA332B4CD79300BAB20F /* StoreDetailView */,
				DDA2EE862B47A622004C1CD2 /* StoreItemView.swift */,
				DDA2EE882B47A7BE004C1CD2 /* StoresContainerView.swift */,
			);
			path = StoresView;
			sourceTree = "<group>";
		};
		DDA40D6B2B5B01310010C9B2 /* HomeView */ = {
			isa = PBXGroup;
			children = (
				DDA40D6C2B5B01450010C9B2 /* HomeView.swift */,
			);
			path = HomeView;
			sourceTree = "<group>";
		};
		DDECD62C2B5616AA00E53C06 /* Networking */ = {
			isa = PBXGroup;
			children = (
				DDECD62D2B5616D300E53C06 /* HomeService.swift */,
			);
			path = Networking;
			sourceTree = "<group>";
		};
		DDFBEA2D2B4CA33A00BAB20F /* Extension */ = {
			isa = PBXGroup;
			children = (
			);
			path = Extension;
			sourceTree = "<group>";
		};
		DDFBEA302B4CAAA800BAB20F /* ProductView */ = {
			isa = PBXGroup;
			children = (
				DDFBEA312B4CAAC000BAB20F /* ProductDetailView.swift */,
				DDFBEA3B2B4CDAF700BAB20F /* ProductDetailHeaderView.swift */,
				DDFBEA3D2B4CDC4100BAB20F /* ProductDetailQuantityView.swift */,
				DDFBEA3F2B4CDC9900BAB20F /* ProductDetailButtonView.swift */,
			);
			path = ProductView;
			sourceTree = "<group>";
		};
		DDFBEA332B4CD79300BAB20F /* StoreDetailView */ = {
			isa = PBXGroup;
			children = (
				DDA2EE8A2B48BC30004C1CD2 /* StoreDetailView.swift */,
				DDFBEA342B4CD7B900BAB20F /* StoreDetailHeaderView.swift */,
				DDFBEA362B4CD86500BAB20F /* StoreDetailProductsView.swift */,
				DDFBEA382B4CD9F200BAB20F /* StoreDetailProductItemView.swift */,
			);
			path = StoreDetailView;
			sourceTree = "<group>";
		};
/* End PBXGroup section */

/* Begin PBXNativeTarget section */
		DDA2EE602B44B354004C1CD2 /* ChefDelivery */ = {
			isa = PBXNativeTarget;
			buildConfigurationList = DDA2EE6F2B44B357004C1CD2 /* Build configuration list for PBXNativeTarget "ChefDelivery" */;
			buildPhases = (
				DDA2EE5D2B44B354004C1CD2 /* Sources */,
				DDA2EE5E2B44B354004C1CD2 /* Frameworks */,
				DDA2EE5F2B44B354004C1CD2 /* Resources */,
			);
			buildRules = (
			);
			dependencies = (
			);
			name = ChefDelivery;
			packageProductDependencies = (
				DDA40D692B5AD6750010C9B2 /* Alamofire */,
			);
			productName = ChefDelivery;
			productReference = DDA2EE612B44B354004C1CD2 /* ChefDelivery.app */;
			productType = "com.apple.product-type.application";
		};
/* End PBXNativeTarget section */

/* Begin PBXProject section */
		DDA2EE592B44B354004C1CD2 /* Project object */ = {
			isa = PBXProject;
			attributes = {
				BuildIndependentTargetsInParallel = 1;
				LastSwiftUpdateCheck = 1510;
				LastUpgradeCheck = 1510;
				TargetAttributes = {
					DDA2EE602B44B354004C1CD2 = {
						CreatedOnToolsVersion = 15.1;
					};
				};
			};
			buildConfigurationList = DDA2EE5C2B44B354004C1CD2 /* Build configuration list for PBXProject "ChefDelivery" */;
			compatibilityVersion = "Xcode 14.0";
			developmentRegion = en;
			hasScannedForEncodings = 0;
			knownRegions = (
				en,
				Base,
			);
			mainGroup = DDA2EE582B44B354004C1CD2;
			packageReferences = (
				DDA40D682B5AD6740010C9B2 /* XCRemoteSwiftPackageReference "Alamofire" */,
			);
			productRefGroup = DDA2EE622B44B354004C1CD2 /* Products */;
			projectDirPath = "";
			projectRoot = "";
			targets = (
				DDA2EE602B44B354004C1CD2 /* ChefDelivery */,
			);
		};
/* End PBXProject section */

/* Begin PBXResourcesBuildPhase section */
		DDA2EE5F2B44B354004C1CD2 /* Resources */ = {
			isa = PBXResourcesBuildPhase;
			buildActionMask = 2147483647;
			files = (
				DDA2EE6C2B44B357004C1CD2 /* Preview Assets.xcassets in Resources */,
				DDA2EE692B44B357004C1CD2 /* Assets.xcassets in Resources */,
			);
			runOnlyForDeploymentPostprocessing = 0;
		};
/* End PBXResourcesBuildPhase section */

/* Begin PBXSourcesBuildPhase section */
		DDA2EE5D2B44B354004C1CD2 /* Sources */ = {
			isa = PBXSourcesBuildPhase;
			buildActionMask = 2147483647;
			files = (
				DDFBEA3C2B4CDAF700BAB20F /* ProductDetailHeaderView.swift in Sources */,
				DDA2EE7B2B478E78004C1CD2 /* OrderType.swift in Sources */,
				DDFBEA322B4CAAC000BAB20F /* ProductDetailView.swift in Sources */,
				DDA2EE8F2B48C157004C1CD2 /* ProductType.swift in Sources */,
				DDA2EE822B47A202004C1CD2 /* CarouselItemView.swift in Sources */,
				DDA2EE672B44B354004C1CD2 /* ContentView.swift in Sources */,
				DDFBEA3E2B4CDC4100BAB20F /* ProductDetailQuantityView.swift in Sources */,
				DDFBEA2F2B4CA35100BAB20F /* Double+.swift in Sources */,
				DDA2EE7D2B4793EF004C1CD2 /* DataSourceMock.swift in Sources */,
				DDFBEA402B4CDC9900BAB20F /* ProductDetailButtonView.swift in Sources */,
				DDA2EE892B47A7BE004C1CD2 /* StoresContainerView.swift in Sources */,
				DDA2EE7F2B479588004C1CD2 /* OrderTypeView.swift in Sources */,
				DDA2EE872B47A622004C1CD2 /* StoreItemView.swift in Sources */,
				DDA2EE8B2B48BC30004C1CD2 /* StoreDetailView.swift in Sources */,
				DDA2EE782B478AFE004C1CD2 /* OrderTypeGridView.swift in Sources */,
				DDA2EE652B44B354004C1CD2 /* ChefDeliveryApp.swift in Sources */,
				DDA2EE752B47860E004C1CD2 /* NavigationBar.swift in Sources */,
				DDA2EE8D2B48C0D5004C1CD2 /* StoreType.swift in Sources */,
				DDECD62E2B5616D300E53C06 /* HomeService.swift in Sources */,
				DDFBEA372B4CD86500BAB20F /* StoreDetailProductsView.swift in Sources */,
				DDA2EE842B47A34D004C1CD2 /* CarouselTabView.swift in Sources */,
				DDA40D6D2B5B01450010C9B2 /* HomeView.swift in Sources */,
				DDFBEA392B4CD9F200BAB20F /* StoreDetailProductItemView.swift in Sources */,
				DDFBEA352B4CD7B900BAB20F /* StoreDetailHeaderView.swift in Sources */,
			);
			runOnlyForDeploymentPostprocessing = 0;
		};
/* End PBXSourcesBuildPhase section */

/* Begin XCBuildConfiguration section */
		DDA2EE6D2B44B357004C1CD2 /* Debug */ = {
			isa = XCBuildConfiguration;
			buildSettings = {
				ALWAYS_SEARCH_USER_PATHS = NO;
				ASSETCATALOG_COMPILER_GENERATE_SWIFT_ASSET_SYMBOL_EXTENSIONS = YES;
				CLANG_ANALYZER_NONNULL = YES;
				CLANG_ANALYZER_NUMBER_OBJECT_CONVERSION = YES_AGGRESSIVE;
				CLANG_CXX_LANGUAGE_STANDARD = "gnu++20";
				CLANG_ENABLE_MODULES = YES;
				CLANG_ENABLE_OBJC_ARC = YES;
				CLANG_ENABLE_OBJC_WEAK = YES;
				CLANG_WARN_BLOCK_CAPTURE_AUTORELEASING = YES;
				CLANG_WARN_BOOL_CONVERSION = YES;
				CLANG_WARN_COMMA = YES;
				CLANG_WARN_CONSTANT_CONVERSION = YES;
				CLANG_WARN_DEPRECATED_OBJC_IMPLEMENTATIONS = YES;
				CLANG_WARN_DIRECT_OBJC_ISA_USAGE = YES_ERROR;
				CLANG_WARN_DOCUMENTATION_COMMENTS = YES;
				CLANG_WARN_EMPTY_BODY = YES;
				CLANG_WARN_ENUM_CONVERSION = YES;
				CLANG_WARN_INFINITE_RECURSION = YES;
				CLANG_WARN_INT_CONVERSION = YES;
				CLANG_WARN_NON_LITERAL_NULL_CONVERSION = YES;
				CLANG_WARN_OBJC_IMPLICIT_RETAIN_SELF = YES;
				CLANG_WARN_OBJC_LITERAL_CONVERSION = YES;
				CLANG_WARN_OBJC_ROOT_CLASS = YES_ERROR;
				CLANG_WARN_QUOTED_INCLUDE_IN_FRAMEWORK_HEADER = YES;
				CLANG_WARN_RANGE_LOOP_ANALYSIS = YES;
				CLANG_WARN_STRICT_PROTOTYPES = YES;
				CLANG_WARN_SUSPICIOUS_MOVE = YES;
				CLANG_WARN_UNGUARDED_AVAILABILITY = YES_AGGRESSIVE;
				CLANG_WARN_UNREACHABLE_CODE = YES;
				CLANG_WARN__DUPLICATE_METHOD_MATCH = YES;
				COPY_PHASE_STRIP = NO;
				DEBUG_INFORMATION_FORMAT = dwarf;
				ENABLE_STRICT_OBJC_MSGSEND = YES;
				ENABLE_TESTABILITY = YES;
				ENABLE_USER_SCRIPT_SANDBOXING = YES;
				GCC_C_LANGUAGE_STANDARD = gnu17;
				GCC_DYNAMIC_NO_PIC = NO;
				GCC_NO_COMMON_BLOCKS = YES;
				GCC_OPTIMIZATION_LEVEL = 0;
				GCC_PREPROCESSOR_DEFINITIONS = (
					"DEBUG=1",
					"$(inherited)",
				);
				GCC_WARN_64_TO_32_BIT_CONVERSION = YES;
				GCC_WARN_ABOUT_RETURN_TYPE = YES_ERROR;
				GCC_WARN_UNDECLARED_SELECTOR = YES;
				GCC_WARN_UNINITIALIZED_AUTOS = YES_AGGRESSIVE;
				GCC_WARN_UNUSED_FUNCTION = YES;
				GCC_WARN_UNUSED_VARIABLE = YES;
				IPHONEOS_DEPLOYMENT_TARGET = 17.2;
				LOCALIZATION_PREFERS_STRING_CATALOGS = YES;
				MTL_ENABLE_DEBUG_INFO = INCLUDE_SOURCE;
				MTL_FAST_MATH = YES;
				ONLY_ACTIVE_ARCH = YES;
				SDKROOT = iphoneos;
				SWIFT_ACTIVE_COMPILATION_CONDITIONS = "DEBUG $(inherited)";
				SWIFT_OPTIMIZATION_LEVEL = "-Onone";
			};
			name = Debug;
		};
		DDA2EE6E2B44B357004C1CD2 /* Release */ = {
			isa = XCBuildConfiguration;
			buildSettings = {
				ALWAYS_SEARCH_USER_PATHS = NO;
				ASSETCATALOG_COMPILER_GENERATE_SWIFT_ASSET_SYMBOL_EXTENSIONS = YES;
				CLANG_ANALYZER_NONNULL = YES;
				CLANG_ANALYZER_NUMBER_OBJECT_CONVERSION = YES_AGGRESSIVE;
				CLANG_CXX_LANGUAGE_STANDARD = "gnu++20";
				CLANG_ENABLE_MODULES = YES;
				CLANG_ENABLE_OBJC_ARC = YES;
				CLANG_ENABLE_OBJC_WEAK = YES;
				CLANG_WARN_BLOCK_CAPTURE_AUTORELEASING = YES;
				CLANG_WARN_BOOL_CONVERSION = YES;
				CLANG_WARN_COMMA = YES;
				CLANG_WARN_CONSTANT_CONVERSION = YES;
				CLANG_WARN_DEPRECATED_OBJC_IMPLEMENTATIONS = YES;
				CLANG_WARN_DIRECT_OBJC_ISA_USAGE = YES_ERROR;
				CLANG_WARN_DOCUMENTATION_COMMENTS = YES;
				CLANG_WARN_EMPTY_BODY = YES;
				CLANG_WARN_ENUM_CONVERSION = YES;
				CLANG_WARN_INFINITE_RECURSION = YES;
				CLANG_WARN_INT_CONVERSION = YES;
				CLANG_WARN_NON_LITERAL_NULL_CONVERSION = YES;
				CLANG_WARN_OBJC_IMPLICIT_RETAIN_SELF = YES;
				CLANG_WARN_OBJC_LITERAL_CONVERSION = YES;
				CLANG_WARN_OBJC_ROOT_CLASS = YES_ERROR;
				CLANG_WARN_QUOTED_INCLUDE_IN_FRAMEWORK_HEADER = YES;
				CLANG_WARN_RANGE_LOOP_ANALYSIS = YES;
				CLANG_WARN_STRICT_PROTOTYPES = YES;
				CLANG_WARN_SUSPICIOUS_MOVE = YES;
				CLANG_WARN_UNGUARDED_AVAILABILITY = YES_AGGRESSIVE;
				CLANG_WARN_UNREACHABLE_CODE = YES;
				CLANG_WARN__DUPLICATE_METHOD_MATCH = YES;
				COPY_PHASE_STRIP = NO;
				DEBUG_INFORMATION_FORMAT = "dwarf-with-dsym";
				ENABLE_NS_ASSERTIONS = NO;
				ENABLE_STRICT_OBJC_MSGSEND = YES;
				ENABLE_USER_SCRIPT_SANDBOXING = YES;
				GCC_C_LANGUAGE_STANDARD = gnu17;
				GCC_NO_COMMON_BLOCKS = YES;
				GCC_WARN_64_TO_32_BIT_CONVERSION = YES;
				GCC_WARN_ABOUT_RETURN_TYPE = YES_ERROR;
				GCC_WARN_UNDECLARED_SELECTOR = YES;
				GCC_WARN_UNINITIALIZED_AUTOS = YES_AGGRESSIVE;
				GCC_WARN_UNUSED_FUNCTION = YES;
				GCC_WARN_UNUSED_VARIABLE = YES;
				IPHONEOS_DEPLOYMENT_TARGET = 17.2;
				LOCALIZATION_PREFERS_STRING_CATALOGS = YES;
				MTL_ENABLE_DEBUG_INFO = NO;
				MTL_FAST_MATH = YES;
				SDKROOT = iphoneos;
				SWIFT_COMPILATION_MODE = wholemodule;
				VALIDATE_PRODUCT = YES;
			};
			name = Release;
		};
		DDA2EE702B44B357004C1CD2 /* Debug */ = {
			isa = XCBuildConfiguration;
			buildSettings = {
				ASSETCATALOG_COMPILER_APPICON_NAME = AppIcon;
				ASSETCATALOG_COMPILER_GLOBAL_ACCENT_COLOR_NAME = AccentColor;
				CODE_SIGN_STYLE = Automatic;
				CURRENT_PROJECT_VERSION = 1;
				DEVELOPMENT_ASSET_PATHS = "\"ChefDelivery/Preview Content\"";
				ENABLE_PREVIEWS = YES;
				GENERATE_INFOPLIST_FILE = YES;
				INFOPLIST_KEY_UIApplicationSceneManifest_Generation = YES;
				INFOPLIST_KEY_UIApplicationSupportsIndirectInputEvents = YES;
				INFOPLIST_KEY_UILaunchScreen_Generation = YES;
				INFOPLIST_KEY_UISupportedInterfaceOrientations_iPad = "UIInterfaceOrientationPortrait UIInterfaceOrientationPortraitUpsideDown UIInterfaceOrientationLandscapeLeft UIInterfaceOrientationLandscapeRight";
				INFOPLIST_KEY_UISupportedInterfaceOrientations_iPhone = "UIInterfaceOrientationPortrait UIInterfaceOrientationLandscapeLeft UIInterfaceOrientationLandscapeRight";
				LD_RUNPATH_SEARCH_PATHS = (
					"$(inherited)",
					"@executable_path/Frameworks",
				);
				MARKETING_VERSION = 1.0;
				PRODUCT_BUNDLE_IDENTIFIER = com.matheusalcatrao.ChefDelivery;
				PRODUCT_NAME = "$(TARGET_NAME)";
				SWIFT_EMIT_LOC_STRINGS = YES;
				SWIFT_VERSION = 5.0;
				TARGETED_DEVICE_FAMILY = "1,2";
			};
			name = Debug;
		};
		DDA2EE712B44B357004C1CD2 /* Release */ = {
			isa = XCBuildConfiguration;
			buildSettings = {
				ASSETCATALOG_COMPILER_APPICON_NAME = AppIcon;
				ASSETCATALOG_COMPILER_GLOBAL_ACCENT_COLOR_NAME = AccentColor;
				CODE_SIGN_STYLE = Automatic;
				CURRENT_PROJECT_VERSION = 1;
				DEVELOPMENT_ASSET_PATHS = "\"ChefDelivery/Preview Content\"";
				ENABLE_PREVIEWS = YES;
				GENERATE_INFOPLIST_FILE = YES;
				INFOPLIST_KEY_UIApplicationSceneManifest_Generation = YES;
				INFOPLIST_KEY_UIApplicationSupportsIndirectInputEvents = YES;
				INFOPLIST_KEY_UILaunchScreen_Generation = YES;
				INFOPLIST_KEY_UISupportedInterfaceOrientations_iPad = "UIInterfaceOrientationPortrait UIInterfaceOrientationPortraitUpsideDown UIInterfaceOrientationLandscapeLeft UIInterfaceOrientationLandscapeRight";
				INFOPLIST_KEY_UISupportedInterfaceOrientations_iPhone = "UIInterfaceOrientationPortrait UIInterfaceOrientationLandscapeLeft UIInterfaceOrientationLandscapeRight";
				LD_RUNPATH_SEARCH_PATHS = (
					"$(inherited)",
					"@executable_path/Frameworks",
				);
				MARKETING_VERSION = 1.0;
				PRODUCT_BUNDLE_IDENTIFIER = com.matheusalcatrao.ChefDelivery;
				PRODUCT_NAME = "$(TARGET_NAME)";
				SWIFT_EMIT_LOC_STRINGS = YES;
				SWIFT_VERSION = 5.0;
				TARGETED_DEVICE_FAMILY = "1,2";
			};
			name = Release;
		};
/* End XCBuildConfiguration section */

/* Begin XCConfigurationList section */
		DDA2EE5C2B44B354004C1CD2 /* Build configuration list for PBXProject "ChefDelivery" */ = {
			isa = XCConfigurationList;
			buildConfigurations = (
				DDA2EE6D2B44B357004C1CD2 /* Debug */,
				DDA2EE6E2B44B357004C1CD2 /* Release */,
			);
			defaultConfigurationIsVisible = 0;
			defaultConfigurationName = Release;
		};
		DDA2EE6F2B44B357004C1CD2 /* Build configuration list for PBXNativeTarget "ChefDelivery" */ = {
			isa = XCConfigurationList;
			buildConfigurations = (
				DDA2EE702B44B357004C1CD2 /* Debug */,
				DDA2EE712B44B357004C1CD2 /* Release */,
			);
			defaultConfigurationIsVisible = 0;
			defaultConfigurationName = Release;
		};
/* End XCConfigurationList section */

/* Begin XCRemoteSwiftPackageReference section */
		DDA40D682B5AD6740010C9B2 /* XCRemoteSwiftPackageReference "Alamofire" */ = {
			isa = XCRemoteSwiftPackageReference;
			repositoryURL = "https://github.com/Alamofire/Alamofire.git";
			requirement = {
				kind = upToNextMajorVersion;
				minimumVersion = 5.8.1;
			};
		};
/* End XCRemoteSwiftPackageReference section */

/* Begin XCSwiftPackageProductDependency section */
		DDA40D692B5AD6750010C9B2 /* Alamofire */ = {
			isa = XCSwiftPackageProductDependency;
			package = DDA40D682B5AD6740010C9B2 /* XCRemoteSwiftPackageReference "Alamofire" */;
			productName = Alamofire;
		};
/* End XCSwiftPackageProductDependency section */
	};
	rootObject = DDA2EE592B44B354004C1CD2 /* Project object */;
}
